{
  "pins" : [
    {
      "identity" : "keychainaccess",
      "kind" : "remoteSourceControl",
      "location" : "https://github.com/kishikawakatsumi/KeychainAccess",
      "state" : {
        "branch" : "master",
        "revision" : "6299daec1d74be12164fec090faf9ed14d0da9d6"
      }
    },
    {
      "identity" : "toolboxapiclient",
      "kind" : "remoteSourceControl",
      "location" : "https://github.com/joselinoneto/ToolboxAPIClient",
      "state" : {
        "revision" : "4fe2e381f21fa47643adf3db2b06fe61813c6bf7",
        "version" : "1.1.1"
      }
    },
    {
      "identity" : "tools",
      "kind" : "remoteSourceControl",
      "location" : "git@github.com:joselinoneto/tools.git",
      "state" : {
        "branch" : "main",
        "revision" : "0edbfc4230a975a2dbde4eb104712743ff8d7e24"
      }
    }
  ],
  "version" : 2
}
