{
  "pins" : [
    {
      "identity" : "keychainaccess",
      "kind" : "remoteSourceControl",
      "location" : "https://github.com/kishikawakatsumi/KeychainAccess",
      "state" : {
        "revision" : "84e546727d66f1adc5439debad16270d0fdd04e7",
        "version" : "4.2.2"
      }
    },
    {
      "identity" : "tools",
      "kind" : "remoteSourceControl",
      "location" : "https://github.com/joselinoneto/tools",
      "state" : {
        "revision" : "23bf34a9012f515e78abaf84d42136ebaa74f3cf",
        "version" : "1.0.4"
      }
    }
  ],
  "version" : 2
}
